version = 1
revision = 3

[[package]]
name = "uv-torch-compass-candidate"
version = "0"
source = { virtual = "." }
dependencies = [{ name = "torch" }]

[[package]]
name = "torch"
version = "2.10.0+cu126"
source = { registry = "https://download.pytorch.org/whl/cu126" }
wheels = [
    { url = "https://download.pytorch.org/whl/cu126/torch-2.10.0%2Bcu126-cp312-cp312-manylinux_2_28_x86_64.whl", hash = "sha256:bbbbbbbbbbbbbbbbbbbbbbbbbbbbbbbbbbbbbbbbbbbbbbbbbbbbbbbbbbbbbbbb" },
]
